
Microsoft Visual Studio Solution File, Format Version 12.00
# Visual Studio Version 16
VisualStudioVersion = 16.0.30907.101
MinimumVisualStudioVersion = 10.0.40219.1
Project("{FAE04EC0-301F-11D3-BF4B-00C04F79EFBC}") = "EczaneApp.UI", "EczaneApp.UI\EczaneApp.UI.csproj", "{AB52C764-2623-4601-A7A6-79D91143C6E2}"
EndProject
Project("{FAE04EC0-301F-11D3-BF4B-00C04F79EFBC}") = "EczaneApp.EntityLayer", "EczaneApp.EntityLayer\EczaneApp.EntityLayer.csproj", "{9254CB79-9C6A-4AC1-BF8E-B23BD931DE76}"
EndProject
Project("{FAE04EC0-301F-11D3-BF4B-00C04F79EFBC}") = "EczaneApp.DataAccessLayer", "EczaneApp.DataAccessLayer\EczaneApp.DataAccessLayer.csproj", "{83FA6093-0B5F-4813-B6B3-255583F0CAA0}"
EndProject
Project("{FAE04EC0-301F-11D3-BF4B-00C04F79EFBC}") = "EczaneApp.BusinnessLayer", "EczaneApp.BusinnessLayer\EczaneApp.BusinnessLayer.csproj", "{69F5404D-56BE-4117-A04D-AEEC0550D3E4}"
EndProject
Global
	GlobalSection(SolutionConfigurationPlatforms) = preSolution
		Debug|Any CPU = Debug|Any CPU
		Release|Any CPU = Release|Any CPU
	EndGlobalSection
	GlobalSection(ProjectConfigurationPlatforms) = postSolution
		{AB52C764-2623-4601-A7A6-79D91143C6E2}.Debug|Any CPU.ActiveCfg = Debug|Any CPU
		{AB52C764-2623-4601-A7A6-79D91143C6E2}.Debug|Any CPU.Build.0 = Debug|Any CPU
		{AB52C764-2623-4601-A7A6-79D91143C6E2}.Release|Any CPU.ActiveCfg = Release|Any CPU
		{AB52C764-2623-4601-A7A6-79D91143C6E2}.Release|Any CPU.Build.0 = Release|Any CPU
		{9254CB79-9C6A-4AC1-BF8E-B23BD931DE76}.Debug|Any CPU.ActiveCfg = Debug|Any CPU
		{9254CB79-9C6A-4AC1-BF8E-B23BD931DE76}.Debug|Any CPU.Build.0 = Debug|Any CPU
		{9254CB79-9C6A-4AC1-BF8E-B23BD931DE76}.Release|Any CPU.ActiveCfg = Release|Any CPU
		{9254CB79-9C6A-4AC1-BF8E-B23BD931DE76}.Release|Any CPU.Build.0 = Release|Any CPU
		{83FA6093-0B5F-4813-B6B3-255583F0CAA0}.Debug|Any CPU.ActiveCfg = Debug|Any CPU
		{83FA6093-0B5F-4813-B6B3-255583F0CAA0}.Debug|Any CPU.Build.0 = Debug|Any CPU
		{83FA6093-0B5F-4813-B6B3-255583F0CAA0}.Release|Any CPU.ActiveCfg = Release|Any CPU
		{83FA6093-0B5F-4813-B6B3-255583F0CAA0}.Release|Any CPU.Build.0 = Release|Any CPU
		{69F5404D-56BE-4117-A04D-AEEC0550D3E4}.Debug|Any CPU.ActiveCfg = Debug|Any CPU
		{69F5404D-56BE-4117-A04D-AEEC0550D3E4}.Debug|Any CPU.Build.0 = Debug|Any CPU
		{69F5404D-56BE-4117-A04D-AEEC0550D3E4}.Release|Any CPU.ActiveCfg = Release|Any CPU
		{69F5404D-56BE-4117-A04D-AEEC0550D3E4}.Release|Any CPU.Build.0 = Release|Any CPU
	EndGlobalSection
	GlobalSection(SolutionProperties) = preSolution
		HideSolutionNode = FALSE
	EndGlobalSection
	GlobalSection(ExtensibilityGlobals) = postSolution
		SolutionGuid = {21CABA45-77B5-40EE-8EA6-91EBB5D5DC75}
	EndGlobalSection
EndGlobal
